
Microsoft Visual Studio Solution File, Format Version 12.00
# Visual Studio Version 16
VisualStudioVersion = 16.0.31313.79
MinimumVisualStudioVersion = 10.0.40219.1
Project("{FAE04EC0-301F-11D3-BF4B-00C04F79EFBC}") = "WebStore", "WebStore\WebStore.csproj", "{A3EF2FBC-423C-49F7-8D59-5E99D1B72E61}"
EndProject
Global
	GlobalSection(SolutionConfigurationPlatforms) = preSolution
		Debug|Any CPU = Debug|Any CPU
		Release|Any CPU = Release|Any CPU
	EndGlobalSection
	GlobalSection(ProjectConfigurationPlatforms) = postSolution
		{A3EF2FBC-423C-49F7-8D59-5E99D1B72E61}.Debug|Any CPU.ActiveCfg = Debug|Any CPU
		{A3EF2FBC-423C-49F7-8D59-5E99D1B72E61}.Debug|Any CPU.Build.0 = Debug|Any CPU
		{A3EF2FBC-423C-49F7-8D59-5E99D1B72E61}.Release|Any CPU.ActiveCfg = Release|Any CPU
		{A3EF2FBC-423C-49F7-8D59-5E99D1B72E61}.Release|Any CPU.Build.0 = Release|Any CPU
	EndGlobalSection
	GlobalSection(SolutionProperties) = preSolution
		HideSolutionNode = FALSE
	EndGlobalSection
	GlobalSection(ExtensibilityGlobals) = postSolution
		SolutionGuid = {0718EDE0-2BD1-45C9-9237-F1ED0CBD022C}
	EndGlobalSection
EndGlobal
